// !$*UTF8*$!
{
	archiveVersion = 1;
	classes = {
	};
	objectVersion = 56;
	objects = {

/* Begin PBXBuildFile section */
		4D2487CF29A554C500AD4423 /* Love_ferretApp.swift in Sources */ = {isa = PBXBuildFile; fileRef = 4D2487CE29A554C500AD4423 /* Love_ferretApp.swift */; };
		4D2487D129A554C500AD4423 /* ContentView.swift in Sources */ = {isa = PBXBuildFile; fileRef = 4D2487D029A554C500AD4423 /* ContentView.swift */; };
		4D2487D329A554C600AD4423 /* Assets.xcassets in Resources */ = {isa = PBXBuildFile; fileRef = 4D2487D229A554C600AD4423 /* Assets.xcassets */; };
		4D2487D729A554C600AD4423 /* Preview Assets.xcassets in Resources */ = {isa = PBXBuildFile; fileRef = 4D2487D629A554C600AD4423 /* Preview Assets.xcassets */; };
		4D2487DF29A5560400AD4423 /* ProfileMenu.swift in Sources */ = {isa = PBXBuildFile; fileRef = 4D2487DE29A5560400AD4423 /* ProfileMenu.swift */; };
		4D2487E129A55C6300AD4423 /* TitleMenu.swift in Sources */ = {isa = PBXBuildFile; fileRef = 4D2487E029A55C6300AD4423 /* TitleMenu.swift */; };
		4D2B889A29CE459E000F5172 /* Profile.swift in Sources */ = {isa = PBXBuildFile; fileRef = 4D2B889929CE459E000F5172 /* Profile.swift */; };
		4D2B889C29CE469C000F5172 /* ModelData.swift in Sources */ = {isa = PBXBuildFile; fileRef = 4D2B889B29CE469C000F5172 /* ModelData.swift */; };
		4D2B889F29CE530C000F5172 /* profilesData.json in Resources */ = {isa = PBXBuildFile; fileRef = 4D2B889E29CE530C000F5172 /* profilesData.json */; };
		4D94063429AD470300C42B7D /* NavBar.swift in Sources */ = {isa = PBXBuildFile; fileRef = 4D94063329AD470300C42B7D /* NavBar.swift */; };
		4D94063729AD53F600C42B7D /* Style.swift in Sources */ = {isa = PBXBuildFile; fileRef = 4D94063629AD53F600C42B7D /* Style.swift */; };
/* End PBXBuildFile section */

/* Begin PBXFileReference section */
		4D2487CB29A554C500AD4423 /* Love ferret.app */ = {isa = PBXFileReference; explicitFileType = wrapper.application; includeInIndex = 0; path = "Love ferret.app"; sourceTree = BUILT_PRODUCTS_DIR; };
		4D2487CE29A554C500AD4423 /* Love_ferretApp.swift */ = {isa = PBXFileReference; lastKnownFileType = sourcecode.swift; path = Love_ferretApp.swift; sourceTree = "<group>"; };
		4D2487D029A554C500AD4423 /* ContentView.swift */ = {isa = PBXFileReference; lastKnownFileType = sourcecode.swift; path = ContentView.swift; sourceTree = "<group>"; };
		4D2487D229A554C600AD4423 /* Assets.xcassets */ = {isa = PBXFileReference; lastKnownFileType = folder.assetcatalog; path = Assets.xcassets; sourceTree = "<group>"; };
		4D2487D429A554C600AD4423 /* Love_ferret.entitlements */ = {isa = PBXFileReference; lastKnownFileType = text.plist.entitlements; path = Love_ferret.entitlements; sourceTree = "<group>"; };
		4D2487D629A554C600AD4423 /* Preview Assets.xcassets */ = {isa = PBXFileReference; lastKnownFileType = folder.assetcatalog; path = "Preview Assets.xcassets"; sourceTree = "<group>"; };
		4D2487DE29A5560400AD4423 /* ProfileMenu.swift */ = {isa = PBXFileReference; lastKnownFileType = sourcecode.swift; path = ProfileMenu.swift; sourceTree = "<group>"; };
		4D2487E029A55C6300AD4423 /* TitleMenu.swift */ = {isa = PBXFileReference; lastKnownFileType = sourcecode.swift; path = TitleMenu.swift; sourceTree = "<group>"; };
		4D2B889929CE459E000F5172 /* Profile.swift */ = {isa = PBXFileReference; lastKnownFileType = sourcecode.swift; path = Profile.swift; sourceTree = "<group>"; };
		4D2B889B29CE469C000F5172 /* ModelData.swift */ = {isa = PBXFileReference; lastKnownFileType = sourcecode.swift; path = ModelData.swift; sourceTree = "<group>"; };
		4D2B889E29CE530C000F5172 /* profilesData.json */ = {isa = PBXFileReference; fileEncoding = 4; lastKnownFileType = text.json; name = profilesData.json; path = "Love ferret/Resources/profilesData.json"; sourceTree = SOURCE_ROOT; };
		4D94063329AD470300C42B7D /* NavBar.swift */ = {isa = PBXFileReference; lastKnownFileType = sourcecode.swift; path = NavBar.swift; sourceTree = "<group>"; };
		4D94063629AD53F600C42B7D /* Style.swift */ = {isa = PBXFileReference; lastKnownFileType = sourcecode.swift; path = Style.swift; sourceTree = "<group>"; };
		4DFB8E9629B7F396006BAFA0 /* GalleryData.json */ = {isa = PBXFileReference; lastKnownFileType = text.json; path = GalleryData.json; sourceTree = "<group>"; };
/* End PBXFileReference section */

/* Begin PBXFrameworksBuildPhase section */
		4D2487C829A554C500AD4423 /* Frameworks */ = {
			isa = PBXFrameworksBuildPhase;
			buildActionMask = 2147483647;
			files = (
			);
			runOnlyForDeploymentPostprocessing = 0;
		};
/* End PBXFrameworksBuildPhase section */

/* Begin PBXGroup section */
		4D2487C229A554C500AD4423 = {
			isa = PBXGroup;
			children = (
				4D2487CD29A554C500AD4423 /* Love ferret */,
				4D2487CC29A554C500AD4423 /* Products */,
			);
			sourceTree = "<group>";
		};
		4D2487CC29A554C500AD4423 /* Products */ = {
			isa = PBXGroup;
			children = (
				4D2487CB29A554C500AD4423 /* Love ferret.app */,
			);
			name = Products;
			sourceTree = "<group>";
		};
		4D2487CD29A554C500AD4423 /* Love ferret */ = {
			isa = PBXGroup;
			children = (
				4DFB8E9529B7F354006BAFA0 /* Resources */,
				4D2B889829CE4587000F5172 /* Model */,
				4D94063529AD53DF00C42B7D /* Styles */,
				4D2487DD29A5553500AD4423 /* Views */,
				4D2487CE29A554C500AD4423 /* Love_ferretApp.swift */,
				4D2487D229A554C600AD4423 /* Assets.xcassets */,
				4D2487D429A554C600AD4423 /* Love_ferret.entitlements */,
				4D2487D529A554C600AD4423 /* Preview Content */,
			);
			path = "Love ferret";
			sourceTree = "<group>";
		};
		4D2487D529A554C600AD4423 /* Preview Content */ = {
			isa = PBXGroup;
			children = (
				4D2487D629A554C600AD4423 /* Preview Assets.xcassets */,
			);
			path = "Preview Content";
			sourceTree = "<group>";
		};
		4D2487DD29A5553500AD4423 /* Views */ = {
			isa = PBXGroup;
			children = (
				4D2487D029A554C500AD4423 /* ContentView.swift */,
				4D2487DE29A5560400AD4423 /* ProfileMenu.swift */,
				4D2487E029A55C6300AD4423 /* TitleMenu.swift */,
				4D94063329AD470300C42B7D /* NavBar.swift */,
			);
			path = Views;
			sourceTree = "<group>";
		};
		4D2B889829CE4587000F5172 /* Model */ = {
			isa = PBXGroup;
			children = (
				4D2B889929CE459E000F5172 /* Profile.swift */,
				4D2B889B29CE469C000F5172 /* ModelData.swift */,
			);
			path = Model;
			sourceTree = "<group>";
		};
		4D94063529AD53DF00C42B7D /* Styles */ = {
			isa = PBXGroup;
			children = (
				4D94063629AD53F600C42B7D /* Style.swift */,
			);
			path = Styles;
			sourceTree = "<group>";
		};
		4DFB8E9529B7F354006BAFA0 /* Resources */ = {
			isa = PBXGroup;
			children = (
				4DFB8E9629B7F396006BAFA0 /* GalleryData.json */,
				4D2B889E29CE530C000F5172 /* profilesData.json */,
			);
			path = Resources;
			sourceTree = "<group>";
		};
/* End PBXGroup section */

/* Begin PBXNativeTarget section */
		4D2487CA29A554C500AD4423 /* Love ferret */ = {
			isa = PBXNativeTarget;
			buildConfigurationList = 4D2487DA29A554C600AD4423 /* Build configuration list for PBXNativeTarget "Love ferret" */;
			buildPhases = (
				4D2487C729A554C500AD4423 /* Sources */,
				4D2487C829A554C500AD4423 /* Frameworks */,
				4D2487C929A554C500AD4423 /* Resources */,
			);
			buildRules = (
			);
			dependencies = (
			);
			name = "Love ferret";
			productName = "Love ferret";
			productReference = 4D2487CB29A554C500AD4423 /* Love ferret.app */;
			productType = "com.apple.product-type.application";
		};
/* End PBXNativeTarget section */

/* Begin PBXProject section */
		4D2487C329A554C500AD4423 /* Project object */ = {
			isa = PBXProject;
			attributes = {
				BuildIndependentTargetsInParallel = 1;
				LastSwiftUpdateCheck = 1420;
				LastUpgradeCheck = 1420;
				TargetAttributes = {
					4D2487CA29A554C500AD4423 = {
						CreatedOnToolsVersion = 14.2;
					};
				};
			};
			buildConfigurationList = 4D2487C629A554C500AD4423 /* Build configuration list for PBXProject "Love ferret" */;
			compatibilityVersion = "Xcode 14.0";
			developmentRegion = en;
			hasScannedForEncodings = 0;
			knownRegions = (
				en,
				Base,
			);
			mainGroup = 4D2487C229A554C500AD4423;
			productRefGroup = 4D2487CC29A554C500AD4423 /* Products */;
			projectDirPath = "";
			projectRoot = "";
			targets = (
				4D2487CA29A554C500AD4423 /* Love ferret */,
			);
		};
/* End PBXProject section */

/* Begin PBXResourcesBuildPhase section */
		4D2487C929A554C500AD4423 /* Resources */ = {
			isa = PBXResourcesBuildPhase;
			buildActionMask = 2147483647;
			files = (
				4D2487D729A554C600AD4423 /* Preview Assets.xcassets in Resources */,
				4D2B889F29CE530C000F5172 /* profilesData.json in Resources */,
				4D2487D329A554C600AD4423 /* Assets.xcassets in Resources */,
			);
			runOnlyForDeploymentPostprocessing = 0;
		};
/* End PBXResourcesBuildPhase section */

/* Begin PBXSourcesBuildPhase section */
		4D2487C729A554C500AD4423 /* Sources */ = {
			isa = PBXSourcesBuildPhase;
			buildActionMask = 2147483647;
			files = (
				4D94063429AD470300C42B7D /* NavBar.swift in Sources */,
				4D94063729AD53F600C42B7D /* Style.swift in Sources */,
				4D2487D129A554C500AD4423 /* ContentView.swift in Sources */,
				4D2B889A29CE459E000F5172 /* Profile.swift in Sources */,
				4D2487E129A55C6300AD4423 /* TitleMenu.swift in Sources */,
				4D2B889C29CE469C000F5172 /* ModelData.swift in Sources */,
				4D2487CF29A554C500AD4423 /* Love_ferretApp.swift in Sources */,
				4D2487DF29A5560400AD4423 /* ProfileMenu.swift in Sources */,
			);
			runOnlyForDeploymentPostprocessing = 0;
		};
/* End PBXSourcesBuildPhase section */

/* Begin XCBuildConfiguration section */
		4D2487D829A554C600AD4423 /* Debug */ = {
			isa = XCBuildConfiguration;
			buildSettings = {
				ALWAYS_SEARCH_USER_PATHS = NO;
				CLANG_ANALYZER_NONNULL = YES;
				CLANG_ANALYZER_NUMBER_OBJECT_CONVERSION = YES_AGGRESSIVE;
				CLANG_CXX_LANGUAGE_STANDARD = "gnu++20";
				CLANG_ENABLE_MODULES = YES;
				CLANG_ENABLE_OBJC_ARC = YES;
				CLANG_ENABLE_OBJC_WEAK = YES;
				CLANG_WARN_BLOCK_CAPTURE_AUTORELEASING = YES;
				CLANG_WARN_BOOL_CONVERSION = YES;
				CLANG_WARN_COMMA = YES;
				CLANG_WARN_CONSTANT_CONVERSION = YES;
				CLANG_WARN_DEPRECATED_OBJC_IMPLEMENTATIONS = YES;
				CLANG_WARN_DIRECT_OBJC_ISA_USAGE = YES_ERROR;
				CLANG_WARN_DOCUMENTATION_COMMENTS = YES;
				CLANG_WARN_EMPTY_BODY = YES;
				CLANG_WARN_ENUM_CONVERSION = YES;
				CLANG_WARN_INFINITE_RECURSION = YES;
				CLANG_WARN_INT_CONVERSION = YES;
				CLANG_WARN_NON_LITERAL_NULL_CONVERSION = YES;
				CLANG_WARN_OBJC_IMPLICIT_RETAIN_SELF = YES;
				CLANG_WARN_OBJC_LITERAL_CONVERSION = YES;
				CLANG_WARN_OBJC_ROOT_CLASS = YES_ERROR;
				CLANG_WARN_QUOTED_INCLUDE_IN_FRAMEWORK_HEADER = YES;
				CLANG_WARN_RANGE_LOOP_ANALYSIS = YES;
				CLANG_WARN_STRICT_PROTOTYPES = YES;
				CLANG_WARN_SUSPICIOUS_MOVE = YES;
				CLANG_WARN_UNGUARDED_AVAILABILITY = YES_AGGRESSIVE;
				CLANG_WARN_UNREACHABLE_CODE = YES;
				CLANG_WARN__DUPLICATE_METHOD_MATCH = YES;
				COPY_PHASE_STRIP = NO;
				DEBUG_INFORMATION_FORMAT = dwarf;
				ENABLE_STRICT_OBJC_MSGSEND = YES;
				ENABLE_TESTABILITY = YES;
				GCC_C_LANGUAGE_STANDARD = gnu11;
				GCC_DYNAMIC_NO_PIC = NO;
				GCC_NO_COMMON_BLOCKS = YES;
				GCC_OPTIMIZATION_LEVEL = 0;
				GCC_PREPROCESSOR_DEFINITIONS = (
					"DEBUG=1",
					"$(inherited)",
				);
				GCC_WARN_64_TO_32_BIT_CONVERSION = YES;
				GCC_WARN_ABOUT_RETURN_TYPE = YES_ERROR;
				GCC_WARN_UNDECLARED_SELECTOR = YES;
				GCC_WARN_UNINITIALIZED_AUTOS = YES_AGGRESSIVE;
				GCC_WARN_UNUSED_FUNCTION = YES;
				GCC_WARN_UNUSED_VARIABLE = YES;
				MTL_ENABLE_DEBUG_INFO = INCLUDE_SOURCE;
				MTL_FAST_MATH = YES;
				ONLY_ACTIVE_ARCH = YES;
				SWIFT_ACTIVE_COMPILATION_CONDITIONS = DEBUG;
				SWIFT_OPTIMIZATION_LEVEL = "-Onone";
			};
			name = Debug;
		};
		4D2487D929A554C600AD4423 /* Release */ = {
			isa = XCBuildConfiguration;
			buildSettings = {
				ALWAYS_SEARCH_USER_PATHS = NO;
				CLANG_ANALYZER_NONNULL = YES;
				CLANG_ANALYZER_NUMBER_OBJECT_CONVERSION = YES_AGGRESSIVE;
				CLANG_CXX_LANGUAGE_STANDARD = "gnu++20";
				CLANG_ENABLE_MODULES = YES;
				CLANG_ENABLE_OBJC_ARC = YES;
				CLANG_ENABLE_OBJC_WEAK = YES;
				CLANG_WARN_BLOCK_CAPTURE_AUTORELEASING = YES;
				CLANG_WARN_BOOL_CONVERSION = YES;
				CLANG_WARN_COMMA = YES;
				CLANG_WARN_CONSTANT_CONVERSION = YES;
				CLANG_WARN_DEPRECATED_OBJC_IMPLEMENTATIONS = YES;
				CLANG_WARN_DIRECT_OBJC_ISA_USAGE = YES_ERROR;
				CLANG_WARN_DOCUMENTATION_COMMENTS = YES;
				CLANG_WARN_EMPTY_BODY = YES;
				CLANG_WARN_ENUM_CONVERSION = YES;
				CLANG_WARN_INFINITE_RECURSION = YES;
				CLANG_WARN_INT_CONVERSION = YES;
				CLANG_WARN_NON_LITERAL_NULL_CONVERSION = YES;
				CLANG_WARN_OBJC_IMPLICIT_RETAIN_SELF = YES;
				CLANG_WARN_OBJC_LITERAL_CONVERSION = YES;
				CLANG_WARN_OBJC_ROOT_CLASS = YES_ERROR;
				CLANG_WARN_QUOTED_INCLUDE_IN_FRAMEWORK_HEADER = YES;
				CLANG_WARN_RANGE_LOOP_ANALYSIS = YES;
				CLANG_WARN_STRICT_PROTOTYPES = YES;
				CLANG_WARN_SUSPICIOUS_MOVE = YES;
				CLANG_WARN_UNGUARDED_AVAILABILITY = YES_AGGRESSIVE;
				CLANG_WARN_UNREACHABLE_CODE = YES;
				CLANG_WARN__DUPLICATE_METHOD_MATCH = YES;
				COPY_PHASE_STRIP = NO;
				DEBUG_INFORMATION_FORMAT = "dwarf-with-dsym";
				ENABLE_NS_ASSERTIONS = NO;
				ENABLE_STRICT_OBJC_MSGSEND = YES;
				GCC_C_LANGUAGE_STANDARD = gnu11;
				GCC_NO_COMMON_BLOCKS = YES;
				GCC_WARN_64_TO_32_BIT_CONVERSION = YES;
				GCC_WARN_ABOUT_RETURN_TYPE = YES_ERROR;
				GCC_WARN_UNDECLARED_SELECTOR = YES;
				GCC_WARN_UNINITIALIZED_AUTOS = YES_AGGRESSIVE;
				GCC_WARN_UNUSED_FUNCTION = YES;
				GCC_WARN_UNUSED_VARIABLE = YES;
				MTL_ENABLE_DEBUG_INFO = NO;
				MTL_FAST_MATH = YES;
				SWIFT_COMPILATION_MODE = wholemodule;
				SWIFT_OPTIMIZATION_LEVEL = "-O";
			};
			name = Release;
		};
		4D2487DB29A554C600AD4423 /* Debug */ = {
			isa = XCBuildConfiguration;
			buildSettings = {
				ASSETCATALOG_COMPILER_APPICON_NAME = AppIcon;
				ASSETCATALOG_COMPILER_GLOBAL_ACCENT_COLOR_NAME = AccentColor;
				CODE_SIGN_ENTITLEMENTS = "Love ferret/Love_ferret.entitlements";
				CODE_SIGN_STYLE = Automatic;
				CURRENT_PROJECT_VERSION = 1;
				DEVELOPMENT_ASSET_PATHS = "\"Love ferret/Preview Content\"";
				DEVELOPMENT_TEAM = Z8SC8WZT4T;
				ENABLE_HARDENED_RUNTIME = YES;
				ENABLE_PREVIEWS = YES;
				GENERATE_INFOPLIST_FILE = YES;
				"INFOPLIST_KEY_UIApplicationSceneManifest_Generation[sdk=iphoneos*]" = YES;
				"INFOPLIST_KEY_UIApplicationSceneManifest_Generation[sdk=iphonesimulator*]" = YES;
				"INFOPLIST_KEY_UIApplicationSupportsIndirectInputEvents[sdk=iphoneos*]" = YES;
				"INFOPLIST_KEY_UIApplicationSupportsIndirectInputEvents[sdk=iphonesimulator*]" = YES;
				"INFOPLIST_KEY_UILaunchScreen_Generation[sdk=iphoneos*]" = YES;
				"INFOPLIST_KEY_UILaunchScreen_Generation[sdk=iphonesimulator*]" = YES;
				"INFOPLIST_KEY_UIStatusBarStyle[sdk=iphoneos*]" = UIStatusBarStyleDefault;
				"INFOPLIST_KEY_UIStatusBarStyle[sdk=iphonesimulator*]" = UIStatusBarStyleDefault;
				INFOPLIST_KEY_UISupportedInterfaceOrientations_iPad = "UIInterfaceOrientationPortrait UIInterfaceOrientationPortraitUpsideDown UIInterfaceOrientationLandscapeLeft UIInterfaceOrientationLandscapeRight";
				INFOPLIST_KEY_UISupportedInterfaceOrientations_iPhone = "UIInterfaceOrientationPortrait UIInterfaceOrientationLandscapeLeft UIInterfaceOrientationLandscapeRight";
				IPHONEOS_DEPLOYMENT_TARGET = 16.2;
				LD_RUNPATH_SEARCH_PATHS = "@executable_path/Frameworks";
				"LD_RUNPATH_SEARCH_PATHS[sdk=macosx*]" = "@executable_path/../Frameworks";
				MACOSX_DEPLOYMENT_TARGET = 13.1;
				MARKETING_VERSION = 1.0;
				PRODUCT_BUNDLE_IDENTIFIER = "Elouancorp.Love-ferret";
				PRODUCT_NAME = "$(TARGET_NAME)";
				SDKROOT = auto;
				SUPPORTED_PLATFORMS = "iphoneos iphonesimulator macosx";
				SWIFT_EMIT_LOC_STRINGS = YES;
				SWIFT_VERSION = 5.0;
				TARGETED_DEVICE_FAMILY = "1,2";
			};
			name = Debug;
		};
		4D2487DC29A554C600AD4423 /* Release */ = {
			isa = XCBuildConfiguration;
			buildSettings = {
				ASSETCATALOG_COMPILER_APPICON_NAME = AppIcon;
				ASSETCATALOG_COMPILER_GLOBAL_ACCENT_COLOR_NAME = AccentColor;
				CODE_SIGN_ENTITLEMENTS = "Love ferret/Love_ferret.entitlements";
				CODE_SIGN_STYLE = Automatic;
				CURRENT_PROJECT_VERSION = 1;
				DEVELOPMENT_ASSET_PATHS = "\"Love ferret/Preview Content\"";
				DEVELOPMENT_TEAM = Z8SC8WZT4T;
				ENABLE_HARDENED_RUNTIME = YES;
				ENABLE_PREVIEWS = YES;
				GENERATE_INFOPLIST_FILE = YES;
				"INFOPLIST_KEY_UIApplicationSceneManifest_Generation[sdk=iphoneos*]" = YES;
				"INFOPLIST_KEY_UIApplicationSceneManifest_Generation[sdk=iphonesimulator*]" = YES;
				"INFOPLIST_KEY_UIApplicationSupportsIndirectInputEvents[sdk=iphoneos*]" = YES;
				"INFOPLIST_KEY_UIApplicationSupportsIndirectInputEvents[sdk=iphonesimulator*]" = YES;
				"INFOPLIST_KEY_UILaunchScreen_Generation[sdk=iphoneos*]" = YES;
				"INFOPLIST_KEY_UILaunchScreen_Generation[sdk=iphonesimulator*]" = YES;
				"INFOPLIST_KEY_UIStatusBarStyle[sdk=iphoneos*]" = UIStatusBarStyleDefault;
				"INFOPLIST_KEY_UIStatusBarStyle[sdk=iphonesimulator*]" = UIStatusBarStyleDefault;
				INFOPLIST_KEY_UISupportedInterfaceOrientations_iPad = "UIInterfaceOrientationPortrait UIInterfaceOrientationPortraitUpsideDown UIInterfaceOrientationLandscapeLeft UIInterfaceOrientationLandscapeRight";
				INFOPLIST_KEY_UISupportedInterfaceOrientations_iPhone = "UIInterfaceOrientationPortrait UIInterfaceOrientationLandscapeLeft UIInterfaceOrientationLandscapeRight";
				IPHONEOS_DEPLOYMENT_TARGET = 16.2;
				LD_RUNPATH_SEARCH_PATHS = "@executable_path/Frameworks";
				"LD_RUNPATH_SEARCH_PATHS[sdk=macosx*]" = "@executable_path/../Frameworks";
				MACOSX_DEPLOYMENT_TARGET = 13.1;
				MARKETING_VERSION = 1.0;
				PRODUCT_BUNDLE_IDENTIFIER = "Elouancorp.Love-ferret";
				PRODUCT_NAME = "$(TARGET_NAME)";
				SDKROOT = auto;
				SUPPORTED_PLATFORMS = "iphoneos iphonesimulator macosx";
				SWIFT_EMIT_LOC_STRINGS = YES;
				SWIFT_VERSION = 5.0;
				TARGETED_DEVICE_FAMILY = "1,2";
			};
			name = Release;
		};
/* End XCBuildConfiguration section */

/* Begin XCConfigurationList section */
		4D2487C629A554C500AD4423 /* Build configuration list for PBXProject "Love ferret" */ = {
			isa = XCConfigurationList;
			buildConfigurations = (
				4D2487D829A554C600AD4423 /* Debug */,
				4D2487D929A554C600AD4423 /* Release */,
			);
			defaultConfigurationIsVisible = 0;
			defaultConfigurationName = Release;
		};
		4D2487DA29A554C600AD4423 /* Build configuration list for PBXNativeTarget "Love ferret" */ = {
			isa = XCConfigurationList;
			buildConfigurations = (
				4D2487DB29A554C600AD4423 /* Debug */,
				4D2487DC29A554C600AD4423 /* Release */,
			);
			defaultConfigurationIsVisible = 0;
			defaultConfigurationName = Release;
		};
/* End XCConfigurationList section */
	};
	rootObject = 4D2487C329A554C500AD4423 /* Project object */;
}
